
Microsoft Visual Studio Solution File, Format Version 12.00
# Visual Studio Version 16
VisualStudioVersion = 16.0.32106.194
MinimumVisualStudioVersion = 10.0.40219.1
Project("{FAE04EC0-301F-11D3-BF4B-00C04F79EFBC}") = "WebApplication6", "WebApplication6\WebApplication6.csproj", "{4C99D4D5-AA26-4751-8E9C-FA5F2F5BE770}"
EndProject
Project("{E53339B2-1760-4266-BCC7-CA923CBCF16C}") = "docker-compose", "docker-compose.dcproj", "{128D2522-D483-487C-9F12-EBBC1E162612}"
EndProject
Global
	GlobalSection(SolutionConfigurationPlatforms) = preSolution
		Debug|Any CPU = Debug|Any CPU
		Release|Any CPU = Release|Any CPU
	EndGlobalSection
	GlobalSection(ProjectConfigurationPlatforms) = postSolution
		{4C99D4D5-AA26-4751-8E9C-FA5F2F5BE770}.Debug|Any CPU.ActiveCfg = Debug|Any CPU
		{4C99D4D5-AA26-4751-8E9C-FA5F2F5BE770}.Debug|Any CPU.Build.0 = Debug|Any CPU
		{4C99D4D5-AA26-4751-8E9C-FA5F2F5BE770}.Release|Any CPU.ActiveCfg = Release|Any CPU
		{4C99D4D5-AA26-4751-8E9C-FA5F2F5BE770}.Release|Any CPU.Build.0 = Release|Any CPU
		{128D2522-D483-487C-9F12-EBBC1E162612}.Debug|Any CPU.ActiveCfg = Debug|Any CPU
		{128D2522-D483-487C-9F12-EBBC1E162612}.Debug|Any CPU.Build.0 = Debug|Any CPU
		{128D2522-D483-487C-9F12-EBBC1E162612}.Release|Any CPU.ActiveCfg = Release|Any CPU
		{128D2522-D483-487C-9F12-EBBC1E162612}.Release|Any CPU.Build.0 = Release|Any CPU
	EndGlobalSection
	GlobalSection(SolutionProperties) = preSolution
		HideSolutionNode = FALSE
	EndGlobalSection
	GlobalSection(ExtensibilityGlobals) = postSolution
		SolutionGuid = {026F1D27-E208-46A6-B21B-CF755D2EEAB2}
	EndGlobalSection
EndGlobal
